<Solution>
  <Folder Name="/Aspire/">
    <Project Path="src/Template.BlazorWasm.AppHost/Template.BlazorWasm.AppHost.csproj" DefaultStartup="true" />
  </Folder>
  <Project Path="src/Template.BlazorWasm.Domain/Template.BlazorWasm.Domain.csproj" />
  <Project Path="src/Template.BlazorWasm.Contracts/Template.BlazorWasm.Contracts.csproj" />
  <Folder Name="/Backend/">
    <Project Path="src/Template.BlazorWasm.Backend.Core/Template.BlazorWasm.Backend.Core.csproj" />
    <Project Path="src/Template.BlazorWasm.Backend.Host/Template.BlazorWasm.Backend.Host.csproj" />
  </Folder>
  <Folder Name="/Frontend/">
    <Project Path="src/Template.BlazorWasm.Frontend.App/Template.BlazorWasm.Frontend.App.csproj" />
  </Folder>
  <Folder Name="/Test/">
    <Project Path="tests/Template.BlazorWasm.UnitTests/Template.BlazorWasm.UnitTests.csproj" />
    <Project Path="tests/Template.BlazorWasm.IntegrationTests/Template.BlazorWasm.IntegrationTests.csproj" />
    <Project Path="tests/Template.BlazorWasm.E2ETests/Template.BlazorWasm.E2ETests.csproj" />
  </Folder>
  <Folder Name="/Solution Items/">
    <File Path=".editorconfig" />
    <File Path=".gitattributes" />
    <File Path=".gitignore" />
    <File Path="AGENTS.md" />
    <File Path="Analyzers.ruleset" />
    <File Path="CodeCoverage.runsettings" />
    <File Path="Database.sql" />
    <File Path="Database.Sample.sql" />
    <File Path="Directory.Build.props" />
    <File Path="Directory.Build.targets" />
    <File Path="LICENSE" />
    <File Path="README.md" />
    <File Path="Template.BlazorWasm.sln.DotSettings" />
  </Folder>
</Solution>
